
Microsoft Visual Studio Solution File, Format Version 12.00
# Visual Studio Version 16
VisualStudioVersion = 16.0.32126.315
MinimumVisualStudioVersion = 10.0.40219.1
Project("{8BC9CEB8-8B4A-11D0-8D11-00A0C91BC942}") = "TRDP_PD_source", "TRDP_PD_source.vcxproj", "{903F23B1-736A-4613-9A66-754FC792A0AE}"
EndProject
Project("{8BC9CEB8-8B4A-11D0-8D11-00A0C91BC942}") = "TRDP", "..\..\..\..\..\lib\dev\prj\vs\TRDP.vcxproj", "{AE986D59-880C-499F-ABBF-FBBFDE093A3B}"
EndProject
Project("{8BC9CEB8-8B4A-11D0-8D11-00A0C91BC942}") = "TRDP_PD_sink", "TRDP_PD_sink.vcxproj", "{903F23B1-736A-4613-9A66-754FC792A0AF}"
EndProject
Global
	GlobalSection(SolutionConfigurationPlatforms) = preSolution
		Debug|x64 = Debug|x64
		Debug|x86 = Debug|x86
		Release|x64 = Release|x64
		Release|x86 = Release|x86
	EndGlobalSection
	GlobalSection(ProjectConfigurationPlatforms) = postSolution
		{903F23B1-736A-4613-9A66-754FC792A0AE}.Debug|x64.ActiveCfg = Debug|x64
		{903F23B1-736A-4613-9A66-754FC792A0AE}.Debug|x64.Build.0 = Debug|x64
		{903F23B1-736A-4613-9A66-754FC792A0AE}.Debug|x86.ActiveCfg = Debug|Win32
		{903F23B1-736A-4613-9A66-754FC792A0AE}.Debug|x86.Build.0 = Debug|Win32
		{903F23B1-736A-4613-9A66-754FC792A0AE}.Release|x64.ActiveCfg = Release|x64
		{903F23B1-736A-4613-9A66-754FC792A0AE}.Release|x64.Build.0 = Release|x64
		{903F23B1-736A-4613-9A66-754FC792A0AE}.Release|x86.ActiveCfg = Release|Win32
		{903F23B1-736A-4613-9A66-754FC792A0AE}.Release|x86.Build.0 = Release|Win32
		{AE986D59-880C-499F-ABBF-FBBFDE093A3B}.Debug|x64.ActiveCfg = Debug|x64
		{AE986D59-880C-499F-ABBF-FBBFDE093A3B}.Debug|x64.Build.0 = Debug|x64
		{AE986D59-880C-499F-ABBF-FBBFDE093A3B}.Debug|x86.ActiveCfg = Debug|Win32
		{AE986D59-880C-499F-ABBF-FBBFDE093A3B}.Debug|x86.Build.0 = Debug|Win32
		{AE986D59-880C-499F-ABBF-FBBFDE093A3B}.Release|x64.ActiveCfg = Release|x64
		{AE986D59-880C-499F-ABBF-FBBFDE093A3B}.Release|x64.Build.0 = Release|x64
		{AE986D59-880C-499F-ABBF-FBBFDE093A3B}.Release|x86.ActiveCfg = Release|Win32
		{AE986D59-880C-499F-ABBF-FBBFDE093A3B}.Release|x86.Build.0 = Release|Win32
		{903F23B1-736A-4613-9A66-754FC792A0AF}.Debug|x64.ActiveCfg = Debug|x64
		{903F23B1-736A-4613-9A66-754FC792A0AF}.Debug|x64.Build.0 = Debug|x64
		{903F23B1-736A-4613-9A66-754FC792A0AF}.Debug|x86.ActiveCfg = Debug|Win32
		{903F23B1-736A-4613-9A66-754FC792A0AF}.Debug|x86.Build.0 = Debug|Win32
		{903F23B1-736A-4613-9A66-754FC792A0AF}.Release|x64.ActiveCfg = Release|x64
		{903F23B1-736A-4613-9A66-754FC792A0AF}.Release|x64.Build.0 = Release|x64
		{903F23B1-736A-4613-9A66-754FC792A0AF}.Release|x86.ActiveCfg = Release|Win32
		{903F23B1-736A-4613-9A66-754FC792A0AF}.Release|x86.Build.0 = Release|Win32
	EndGlobalSection
	GlobalSection(SolutionProperties) = preSolution
		HideSolutionNode = FALSE
	EndGlobalSection
	GlobalSection(ExtensibilityGlobals) = postSolution
		SolutionGuid = {4BD62088-6CDD-4963-94AB-887764FE9A53}
	EndGlobalSection
EndGlobal
