<?xml version="1.0" encoding="utf-8"?>
<Project ToolsVersion="4.0" xmlns="http://schemas.microsoft.com/developer/msbuild/2003">
  <ItemGroup>
    <Filter Include="main">
      <UniqueIdentifier>{5567d443-44ac-4391-b06b-53934cfc2bc0}</UniqueIdentifier>
    </Filter>
    <Filter Include="utils">
      <UniqueIdentifier>{95d22235-0abb-4cf3-9cdd-e8187f3099b1}</UniqueIdentifier>
    </Filter>
  </ItemGroup>
  <ItemGroup>
    <ClCompile Include="..\..\src\trdp-pd-test.c">
      <Filter>main</Filter>
    </ClCompile>
    <ClCompile Include="..\..\src\getopt.c">
      <Filter>utils</Filter>
    </ClCompile>
  </ItemGroup>
  <ItemGroup>
    <ClInclude Include="..\..\src\getopt.h">
      <Filter>utils</Filter>
    </ClInclude>
  </ItemGroup>
</Project>