<?xml version="1.0" encoding="utf-8"?>
<Project ToolsVersion="4.0" xmlns="http://schemas.microsoft.com/developer/msbuild/2003">
  <ItemGroup>
    <ClCompile Include="..\..\src\getopt.c">
      <Filter>utils</Filter>
    </ClCompile>
    <ClCompile Include="..\..\src\trdp-pd-test.c">
      <Filter>main</Filter>
    </ClCompile>
  </ItemGroup>
  <ItemGroup>
    <Filter Include="main">
      <UniqueIdentifier>{7ae59e9c-3da4-4ad7-baf5-f6a1a615d37c}</UniqueIdentifier>
    </Filter>
    <Filter Include="utils">
      <UniqueIdentifier>{1af5929c-d9ce-409a-baee-67fd0f58941a}</UniqueIdentifier>
    </Filter>
  </ItemGroup>
  <ItemGroup>
    <ClInclude Include="..\..\src\getopt.h">
      <Filter>utils</Filter>
    </ClInclude>
  </ItemGroup>
</Project>